<?xml version="1.0" encoding="utf-8"?>
<Project ToolsVersion="4.0" xmlns="http://schemas.microsoft.com/developer/msbuild/2003">
  <ItemGroup>
    <Filter Include="Source Files">
      <UniqueIdentifier>{4FC737F1-C7A5-4376-A066-2A32D752A2FF}</UniqueIdentifier>
      <Extensions>cpp;c;cc;cxx;def;odl;idl;hpj;bat;asm;asmx</Extensions>
    </Filter>
    <Filter Include="Header Files">
      <UniqueIdentifier>{93995380-89BD-4b04-88EB-625FBE52EBFB}</UniqueIdentifier>
      <Extensions>h;hh;hpp;hxx;hm;inl;inc;xsd</Extensions>
    </Filter>
    <Filter Include="Resource Files">
      <UniqueIdentifier>{67DA6AB6-F800-4c08-8B7A-83BB121AAD01}</UniqueIdentifier>
      <Extensions>rc;ico;cur;bmp;dlg;rc2;rct;bin;rgs;gif;jpg;jpeg;jpe;resx;tiff;tif;png;wav;mfcribbon-ms</Extensions>
    </Filter>
  </ItemGroup>
  <ItemGroup>
    <ClInclude Include="Game.h">
      <Filter>Header Files</Filter>
    </ClInclude>
    <ClInclude Include="TextureManager.h">
      <Filter>Header Files</Filter>
    </ClInclude>
    <ClInclude Include="stdafx.h">
      <Filter>Header Files</Filter>
    </ClInclude>
    <ClInclude Include="AdditionType.h">
      <Filter>Header Files</Filter>
    </ClInclude>
    <ClInclude Include="Log.h">
      <Filter>Header Files</Filter>
    </ClInclude>
    <ClInclude Include="GameObject.h">
      <Filter>Header Files</Filter>
    </ClInclude>
    <ClInclude Include="Player.h">
      <Filter>Header Files</Filter>
    </ClInclude>
    <ClInclude Include="LoaderParams.h">
      <Filter>Header Files</Filter>
    </ClInclude>
    <ClInclude Include="EGameObject.h">
      <Filter>Header Files</Filter>
    </ClInclude>
    <ClInclude Include="Vector2D.h">
      <Filter>Header Files</Filter>
    </ClInclude>
    <ClInclude Include="InputHandler.h">
      <Filter>Header Files</Filter>
    </ClInclude>
    <ClInclude Include="GameState.h">
      <Filter>Header Files</Filter>
    </ClInclude>
    <ClInclude Include="MenuState.h">
      <Filter>Header Files</Filter>
    </ClInclude>
    <ClInclude Include="PlayState.h">
      <Filter>Header Files</Filter>
    </ClInclude>
    <ClInclude Include="GameStateMachine.h">
      <Filter>Header Files</Filter>
    </ClInclude>
    <ClInclude Include="Button.h">
      <Filter>Header Files</Filter>
    </ClInclude>
    <ClInclude Include="PauseState.h">
      <Filter>Header Files</Filter>
    </ClInclude>
    <ClInclude Include="GameOverState.h">
      <Filter>Header Files</Filter>
    </ClInclude>
    <ClInclude Include="StateParser.h">
      <Filter>Header Files</Filter>
    </ClInclude>
    <ClInclude Include="ObjectFactory.h">
      <Filter>Header Files</Filter>
    </ClInclude>
    <ClInclude Include="BaseCreator.h">
      <Filter>Header Files</Filter>
    </ClInclude>
    <ClInclude Include="PlayerCreator.h">
      <Filter>Header Files</Filter>
    </ClInclude>
    <ClInclude Include="EventBase.h">
      <Filter>Header Files</Filter>
    </ClInclude>
    <ClInclude Include="Layer.h">
      <Filter>Header Files</Filter>
    </ClInclude>
    <ClInclude Include="Tileset.h">
      <Filter>Header Files</Filter>
    </ClInclude>
    <ClInclude Include="Level.h">
      <Filter>Header Files</Filter>
    </ClInclude>
    <ClInclude Include="LevelParser.h">
      <Filter>Header Files</Filter>
    </ClInclude>
    <ClInclude Include="TileLayer.h">
      <Filter>Header Files</Filter>
    </ClInclude>
    <ClInclude Include="base64.h">
      <Filter>Header Files</Filter>
    </ClInclude>
    <ClInclude Include="ListView.h">
      <Filter>Header Files</Filter>
    </ClInclude>
    <ClInclude Include="ObjectLayer.h">
      <Filter>Header Files</Filter>
    </ClInclude>
    <ClInclude Include="SoundManager.h">
      <Filter>Header Files</Filter>
    </ClInclude>
    <ClInclude Include="Enemy.h">
      <Filter>Header Files</Filter>
    </ClInclude>
    <ClInclude Include="ScrollingBackground.h">
      <Filter>Header Files</Filter>
    </ClInclude>
    <ClInclude Include="BulletHandler.h">
      <Filter>Header Files</Filter>
    </ClInclude>
    <ClInclude Include="Colision.h">
      <Filter>Header Files</Filter>
    </ClInclude>
    <ClInclude Include="CollisionManager.h">
      <Filter>Header Files</Filter>
    </ClInclude>
    <ClInclude Include="LevelManager.h">
      <Filter>Header Files</Filter>
    </ClInclude>
    <ClInclude Include="SequenceState.h">
      <Filter>Header Files</Filter>
    </ClInclude>
    <ClInclude Include="Animation.h">
      <Filter>Header Files</Filter>
    </ClInclude>
    <ClInclude Include="AnimationParser.h">
      <Filter>Header Files</Filter>
    </ClInclude>
    <ClInclude Include="MoveAnimation.h">
      <Filter>Header Files</Filter>
    </ClInclude>
    <ClInclude Include="GraphicsFunction.h">
      <Filter>Header Files</Filter>
    </ClInclude>
    <ClInclude Include="NumberAnimation.h">
      <Filter>Header Files</Filter>
    </ClInclude>
    <ClInclude Include="LoopAnimation.h">
      <Filter>Header Files</Filter>
    </ClInclude>
    <ClInclude Include="SheetAnimation.h">
      <Filter>Header Files</Filter>
    </ClInclude>
    <ClInclude Include="AmmoObject.h">
      <Filter>Header Files</Filter>
    </ClInclude>
    <ClInclude Include="AnimationHandler.h">
      <Filter>Header Files</Filter>
    </ClInclude>
    <ClInclude Include="EnemyCreator.h">
      <Filter>Header Files</Filter>
    </ClInclude>
    <ClInclude Include="Decoration.h">
      <Filter>Header Files</Filter>
    </ClInclude>
    <ClInclude Include="DecorationCreator.h">
      <Filter>Header Files</Filter>
    </ClInclude>
    <ClInclude Include="LogoState.h">
      <Filter>Header Files</Filter>
    </ClInclude>
    <ClInclude Include="Weapon.h">
      <Filter>Header Files</Filter>
    </ClInclude>
    <ClInclude Include="Melee.h">
      <Filter>Header Files</Filter>
    </ClInclude>
  </ItemGroup>
  <ItemGroup>
    <ClCompile Include="Game.cpp">
      <Filter>Resource Files</Filter>
    </ClCompile>
    <ClCompile Include="main.cpp">
      <Filter>Resource Files</Filter>
    </ClCompile>
    <ClCompile Include="TextureManager.cpp">
      <Filter>Resource Files</Filter>
    </ClCompile>
    <ClCompile Include="Log.cpp">
      <Filter>Resource Files</Filter>
    </ClCompile>
    <ClCompile Include="Player.cpp">
      <Filter>Resource Files</Filter>
    </ClCompile>
    <ClCompile Include="EGameObject.cpp">
      <Filter>Resource Files</Filter>
    </ClCompile>
    <ClCompile Include="InputHandler.cpp">
      <Filter>Resource Files</Filter>
    </ClCompile>
    <ClCompile Include="MenuState.cpp">
      <Filter>Resource Files</Filter>
    </ClCompile>
    <ClCompile Include="PlayState.cpp">
      <Filter>Resource Files</Filter>
    </ClCompile>
    <ClCompile Include="GameStateMachine.cpp">
      <Filter>Resource Files</Filter>
    </ClCompile>
    <ClCompile Include="Button.cpp">
      <Filter>Resource Files</Filter>
    </ClCompile>
    <ClCompile Include="PauseState.cpp">
      <Filter>Resource Files</Filter>
    </ClCompile>
    <ClCompile Include="GameOverState.cpp">
      <Filter>Resource Files</Filter>
    </ClCompile>
    <ClCompile Include="StateParser.cpp">
      <Filter>Resource Files</Filter>
    </ClCompile>
    <ClCompile Include="ObjectFactory.cpp">
      <Filter>Resource Files</Filter>
    </ClCompile>
    <ClCompile Include="Level.cpp">
      <Filter>Resource Files</Filter>
    </ClCompile>
    <ClCompile Include="LevelParser.cpp">
      <Filter>Resource Files</Filter>
    </ClCompile>
    <ClCompile Include="TileLayer.cpp">
      <Filter>Resource Files</Filter>
    </ClCompile>
    <ClCompile Include="base64.cpp">
      <Filter>Resource Files</Filter>
    </ClCompile>
    <ClCompile Include="ListView.cpp">
      <Filter>Resource Files</Filter>
    </ClCompile>
    <ClCompile Include="ObjectLayer.cpp">
      <Filter>Resource Files</Filter>
    </ClCompile>
    <ClCompile Include="SoundManager.cpp">
      <Filter>Resource Files</Filter>
    </ClCompile>
    <ClCompile Include="BulletHandler.cpp">
      <Filter>Resource Files</Filter>
    </ClCompile>
    <ClCompile Include="CollisionManager.cpp">
      <Filter>Resource Files</Filter>
    </ClCompile>
    <ClCompile Include="SequenceState.cpp">
      <Filter>Resource Files</Filter>
    </ClCompile>
    <ClCompile Include="MoveAnimation.cpp">
      <Filter>Resource Files</Filter>
    </ClCompile>
    <ClCompile Include="NumberAnimation.cpp">
      <Filter>Resource Files</Filter>
    </ClCompile>
    <ClCompile Include="LoopAnimation.cpp">
      <Filter>Resource Files</Filter>
    </ClCompile>
    <ClCompile Include="AnimationParser.cpp">
      <Filter>Resource Files</Filter>
    </ClCompile>
    <ClCompile Include="SheetAnimation.cpp">
      <Filter>Resource Files</Filter>
    </ClCompile>
    <ClCompile Include="Enemy.cpp">
      <Filter>Resource Files</Filter>
    </ClCompile>
    <ClCompile Include="AmmoObject.cpp">
      <Filter>Resource Files</Filter>
    </ClCompile>
    <ClCompile Include="AnimationHandler.cpp">
      <Filter>Resource Files</Filter>
    </ClCompile>
    <ClCompile Include="Decoration.cpp">
      <Filter>Resource Files</Filter>
    </ClCompile>
    <ClCompile Include="LogoState.cpp">
      <Filter>Resource Files</Filter>
    </ClCompile>
    <ClCompile Include="LevelManager.cpp">
      <Filter>Resource Files</Filter>
    </ClCompile>
    <ClCompile Include="Weapon.cpp">
      <Filter>Resource Files</Filter>
    </ClCompile>
    <ClCompile Include="Melee.cpp">
      <Filter>Resource Files</Filter>
    </ClCompile>
  </ItemGroup>
</Project>